// !$*UTF8*$!
{
	archiveVersion = 1;
	classes = {
	};
	objectVersion = 46;
	objects = {

/* Begin PBXBuildFile section */
		721105B01BC077AA00BABF17 /* BBPlayer.swift in Sources */ = {isa = PBXBuildFile; fileRef = 721105AF1BC077AA00BABF17 /* BBPlayer.swift */; };
		721105B21BC0780400BABF17 /* BBPlayerCoordinator.swift in Sources */ = {isa = PBXBuildFile; fileRef = 721105B11BC0780400BABF17 /* BBPlayerCoordinator.swift */; };
		72637A531BC1926400CDBA97 /* BBControllerCoordinator.swift in Sources */ = {isa = PBXBuildFile; fileRef = 72637A521BC1926400CDBA97 /* BBControllerCoordinator.swift */; };
		72637A551BC1930200CDBA97 /* BBSceneCoordinator.swift in Sources */ = {isa = PBXBuildFile; fileRef = 72637A541BC1930200CDBA97 /* BBSceneCoordinator.swift */; };
		727593361BACE37A006D14C6 /* AppDelegate.swift in Sources */ = {isa = PBXBuildFile; fileRef = 727593351BACE37A006D14C6 /* AppDelegate.swift */; };
		727593381BACE37A006D14C6 /* art.scnassets in Resources */ = {isa = PBXBuildFile; fileRef = 727593371BACE37A006D14C6 /* art.scnassets */; };
		7275933D1BACE37A006D14C6 /* Main.storyboard in Resources */ = {isa = PBXBuildFile; fileRef = 7275933B1BACE37A006D14C6 /* Main.storyboard */; };
		7275933F1BACE37A006D14C6 /* Assets.xcassets in Resources */ = {isa = PBXBuildFile; fileRef = 7275933E1BACE37A006D14C6 /* Assets.xcassets */; };
		7275934A1BACE37A006D14C6 /* bumperBallsTvTests.swift in Sources */ = {isa = PBXBuildFile; fileRef = 727593491BACE37A006D14C6 /* bumperBallsTvTests.swift */; };
		72C2ACEE1BBA07C400ED1AC5 /* GameKit.framework in Frameworks */ = {isa = PBXBuildFile; fileRef = 72C2ACED1BBA07C400ED1AC5 /* GameKit.framework */; };
		72F0DCAA1BC05018008847FA /* PlatformViewController.swift in Sources */ = {isa = PBXBuildFile; fileRef = 72F0DCA91BC05018008847FA /* PlatformViewController.swift */; };
		72F0DCAC1BC051B3008847FA /* BBPlatformCamera.swift in Sources */ = {isa = PBXBuildFile; fileRef = 72F0DCAB1BC051B3008847FA /* BBPlatformCamera.swift */; };
		72F0DCAE1BC05376008847FA /* BBPlatformBase.swift in Sources */ = {isa = PBXBuildFile; fileRef = 72F0DCAD1BC05376008847FA /* BBPlatformBase.swift */; };
/* End PBXBuildFile section */

/* Begin PBXContainerItemProxy section */
		727593461BACE37A006D14C6 /* PBXContainerItemProxy */ = {
			isa = PBXContainerItemProxy;
			containerPortal = 7275932A1BACE37A006D14C6 /* Project object */;
			proxyType = 1;
			remoteGlobalIDString = 727593311BACE37A006D14C6;
			remoteInfo = bumperBallsTv;
		};
/* End PBXContainerItemProxy section */

/* Begin PBXFileReference section */
		721105AF1BC077AA00BABF17 /* BBPlayer.swift */ = {isa = PBXFileReference; fileEncoding = 4; lastKnownFileType = sourcecode.swift; path = BBPlayer.swift; sourceTree = "<group>"; };
		721105B11BC0780400BABF17 /* BBPlayerCoordinator.swift */ = {isa = PBXFileReference; fileEncoding = 4; lastKnownFileType = sourcecode.swift; path = BBPlayerCoordinator.swift; sourceTree = "<group>"; };
		72637A521BC1926400CDBA97 /* BBControllerCoordinator.swift */ = {isa = PBXFileReference; fileEncoding = 4; lastKnownFileType = sourcecode.swift; path = BBControllerCoordinator.swift; sourceTree = "<group>"; };
		72637A541BC1930200CDBA97 /* BBSceneCoordinator.swift */ = {isa = PBXFileReference; fileEncoding = 4; lastKnownFileType = sourcecode.swift; path = BBSceneCoordinator.swift; sourceTree = "<group>"; };
		727593321BACE37A006D14C6 /* bumperBallsTv.app */ = {isa = PBXFileReference; explicitFileType = wrapper.application; includeInIndex = 0; path = bumperBallsTv.app; sourceTree = BUILT_PRODUCTS_DIR; };
		727593351BACE37A006D14C6 /* AppDelegate.swift */ = {isa = PBXFileReference; lastKnownFileType = sourcecode.swift; path = AppDelegate.swift; sourceTree = "<group>"; };
		727593371BACE37A006D14C6 /* art.scnassets */ = {isa = PBXFileReference; lastKnownFileType = wrapper.scnassets; path = art.scnassets; sourceTree = "<group>"; };
		7275933C1BACE37A006D14C6 /* Base */ = {isa = PBXFileReference; lastKnownFileType = file.storyboard; name = Base; path = Base.lproj/Main.storyboard; sourceTree = "<group>"; };
		7275933E1BACE37A006D14C6 /* Assets.xcassets */ = {isa = PBXFileReference; lastKnownFileType = folder.assetcatalog; path = Assets.xcassets; sourceTree = "<group>"; };
		727593401BACE37A006D14C6 /* Info.plist */ = {isa = PBXFileReference; lastKnownFileType = text.plist.xml; path = Info.plist; sourceTree = "<group>"; };
		727593451BACE37A006D14C6 /* bumperBallsTvTests.xctest */ = {isa = PBXFileReference; explicitFileType = wrapper.cfbundle; includeInIndex = 0; path = bumperBallsTvTests.xctest; sourceTree = BUILT_PRODUCTS_DIR; };
		727593491BACE37A006D14C6 /* bumperBallsTvTests.swift */ = {isa = PBXFileReference; lastKnownFileType = sourcecode.swift; path = bumperBallsTvTests.swift; sourceTree = "<group>"; };
		7275934B1BACE37A006D14C6 /* Info.plist */ = {isa = PBXFileReference; lastKnownFileType = text.plist.xml; path = Info.plist; sourceTree = "<group>"; };
		72C2ACED1BBA07C400ED1AC5 /* GameKit.framework */ = {isa = PBXFileReference; lastKnownFileType = wrapper.framework; name = GameKit.framework; path = System/Library/Frameworks/GameKit.framework; sourceTree = SDKROOT; };
		72F0DCA91BC05018008847FA /* PlatformViewController.swift */ = {isa = PBXFileReference; fileEncoding = 4; lastKnownFileType = sourcecode.swift; path = PlatformViewController.swift; sourceTree = "<group>"; };
		72F0DCAB1BC051B3008847FA /* BBPlatformCamera.swift */ = {isa = PBXFileReference; fileEncoding = 4; lastKnownFileType = sourcecode.swift; path = BBPlatformCamera.swift; sourceTree = "<group>"; };
		72F0DCAD1BC05376008847FA /* BBPlatformBase.swift */ = {isa = PBXFileReference; fileEncoding = 4; lastKnownFileType = sourcecode.swift; path = BBPlatformBase.swift; sourceTree = "<group>"; };
/* End PBXFileReference section */

/* Begin PBXFrameworksBuildPhase section */
		7275932F1BACE37A006D14C6 /* Frameworks */ = {
			isa = PBXFrameworksBuildPhase;
			buildActionMask = 2147483647;
			files = (
				72C2ACEE1BBA07C400ED1AC5 /* GameKit.framework in Frameworks */,
			);
			runOnlyForDeploymentPostprocessing = 0;
		};
		727593421BACE37A006D14C6 /* Frameworks */ = {
			isa = PBXFrameworksBuildPhase;
			buildActionMask = 2147483647;
			files = (
			);
			runOnlyForDeploymentPostprocessing = 0;
		};
/* End PBXFrameworksBuildPhase section */

/* Begin PBXGroup section */
		72637A561BC1930A00CDBA97 /* Coordinators */ = {
			isa = PBXGroup;
			children = (
				721105B11BC0780400BABF17 /* BBPlayerCoordinator.swift */,
				72637A521BC1926400CDBA97 /* BBControllerCoordinator.swift */,
				72637A541BC1930200CDBA97 /* BBSceneCoordinator.swift */,
			);
			name = Coordinators;
			sourceTree = "<group>";
		};
		72637A571BC1932B00CDBA97 /* Game Objects */ = {
			isa = PBXGroup;
			children = (
				72F0DCAD1BC05376008847FA /* BBPlatformBase.swift */,
				721105AF1BC077AA00BABF17 /* BBPlayer.swift */,
				72F0DCAB1BC051B3008847FA /* BBPlatformCamera.swift */,
			);
			name = "Game Objects";
			sourceTree = "<group>";
		};
		727593291BACE37A006D14C6 = {
			isa = PBXGroup;
			children = (
				72C2ACED1BBA07C400ED1AC5 /* GameKit.framework */,
				727593341BACE37A006D14C6 /* bumperBallsTv */,
				727593481BACE37A006D14C6 /* bumperBallsTvTests */,
				727593331BACE37A006D14C6 /* Products */,
			);
			sourceTree = "<group>";
		};
		727593331BACE37A006D14C6 /* Products */ = {
			isa = PBXGroup;
			children = (
				727593321BACE37A006D14C6 /* bumperBallsTv.app */,
				727593451BACE37A006D14C6 /* bumperBallsTvTests.xctest */,
			);
			name = Products;
			sourceTree = "<group>";
		};
		727593341BACE37A006D14C6 /* bumperBallsTv */ = {
			isa = PBXGroup;
			children = (
				72637A561BC1930A00CDBA97 /* Coordinators */,
				72637A571BC1932B00CDBA97 /* Game Objects */,
				727593351BACE37A006D14C6 /* AppDelegate.swift */,
				7275933B1BACE37A006D14C6 /* Main.storyboard */,
				72F0DCA91BC05018008847FA /* PlatformViewController.swift */,
				727593371BACE37A006D14C6 /* art.scnassets */,
				7275933E1BACE37A006D14C6 /* Assets.xcassets */,
				727593401BACE37A006D14C6 /* Info.plist */,
			);
			path = bumperBallsTv;
			sourceTree = "<group>";
		};
		727593481BACE37A006D14C6 /* bumperBallsTvTests */ = {
			isa = PBXGroup;
			children = (
				727593491BACE37A006D14C6 /* bumperBallsTvTests.swift */,
				7275934B1BACE37A006D14C6 /* Info.plist */,
			);
			path = bumperBallsTvTests;
			sourceTree = "<group>";
		};
/* End PBXGroup section */

/* Begin PBXNativeTarget section */
		727593311BACE37A006D14C6 /* bumperBallsTv */ = {
			isa = PBXNativeTarget;
			buildConfigurationList = 7275934E1BACE37A006D14C6 /* Build configuration list for PBXNativeTarget "bumperBallsTv" */;
			buildPhases = (
				7275932E1BACE37A006D14C6 /* Sources */,
				7275932F1BACE37A006D14C6 /* Frameworks */,
				727593301BACE37A006D14C6 /* Resources */,
			);
			buildRules = (
			);
			dependencies = (
			);
			name = bumperBallsTv;
			productName = bumperBallsTv;
			productReference = 727593321BACE37A006D14C6 /* bumperBallsTv.app */;
			productType = "com.apple.product-type.application";
		};
		727593441BACE37A006D14C6 /* bumperBallsTvTests */ = {
			isa = PBXNativeTarget;
			buildConfigurationList = 727593511BACE37A006D14C6 /* Build configuration list for PBXNativeTarget "bumperBallsTvTests" */;
			buildPhases = (
				727593411BACE37A006D14C6 /* Sources */,
				727593421BACE37A006D14C6 /* Frameworks */,
				727593431BACE37A006D14C6 /* Resources */,
			);
			buildRules = (
			);
			dependencies = (
				727593471BACE37A006D14C6 /* PBXTargetDependency */,
			);
			name = bumperBallsTvTests;
			productName = bumperBallsTvTests;
			productReference = 727593451BACE37A006D14C6 /* bumperBallsTvTests.xctest */;
			productType = "com.apple.product-type.bundle.unit-test";
		};
/* End PBXNativeTarget section */

/* Begin PBXProject section */
		7275932A1BACE37A006D14C6 /* Project object */ = {
			isa = PBXProject;
			attributes = {
				CLASSPREFIX = BB;
				LastUpgradeCheck = 0710;
				ORGANIZATIONNAME = "Davis Gossage";
				TargetAttributes = {
					727593311BACE37A006D14C6 = {
						CreatedOnToolsVersion = 7.1;
						DevelopmentTeam = XSRV98STUR;
						SystemCapabilities = {
							com.apple.GameCenter = {
								enabled = 1;
							};
						};
					};
					727593441BACE37A006D14C6 = {
						CreatedOnToolsVersion = 7.1;
						TestTargetID = 727593311BACE37A006D14C6;
					};
				};
			};
			buildConfigurationList = 7275932D1BACE37A006D14C6 /* Build configuration list for PBXProject "bumperBallsTv" */;
			compatibilityVersion = "Xcode 3.2";
			developmentRegion = English;
			hasScannedForEncodings = 0;
			knownRegions = (
				en,
				Base,
			);
			mainGroup = 727593291BACE37A006D14C6;
			productRefGroup = 727593331BACE37A006D14C6 /* Products */;
			projectDirPath = "";
			projectRoot = "";
			targets = (
				727593311BACE37A006D14C6 /* bumperBallsTv */,
				727593441BACE37A006D14C6 /* bumperBallsTvTests */,
			);
		};
/* End PBXProject section */

/* Begin PBXResourcesBuildPhase section */
		727593301BACE37A006D14C6 /* Resources */ = {
			isa = PBXResourcesBuildPhase;
			buildActionMask = 2147483647;
			files = (
				727593381BACE37A006D14C6 /* art.scnassets in Resources */,
				7275933F1BACE37A006D14C6 /* Assets.xcassets in Resources */,
				7275933D1BACE37A006D14C6 /* Main.storyboard in Resources */,
			);
			runOnlyForDeploymentPostprocessing = 0;
		};
		727593431BACE37A006D14C6 /* Resources */ = {
			isa = PBXResourcesBuildPhase;
			buildActionMask = 2147483647;
			files = (
			);
			runOnlyForDeploymentPostprocessing = 0;
		};
/* End PBXResourcesBuildPhase section */

/* Begin PBXSourcesBuildPhase section */
		7275932E1BACE37A006D14C6 /* Sources */ = {
			isa = PBXSourcesBuildPhase;
			buildActionMask = 2147483647;
			files = (
				721105B01BC077AA00BABF17 /* BBPlayer.swift in Sources */,
				72F0DCAE1BC05376008847FA /* BBPlatformBase.swift in Sources */,
				721105B21BC0780400BABF17 /* BBPlayerCoordinator.swift in Sources */,
				72637A531BC1926400CDBA97 /* BBControllerCoordinator.swift in Sources */,
				72637A551BC1930200CDBA97 /* BBSceneCoordinator.swift in Sources */,
				72F0DCAA1BC05018008847FA /* PlatformViewController.swift in Sources */,
				727593361BACE37A006D14C6 /* AppDelegate.swift in Sources */,
				72F0DCAC1BC051B3008847FA /* BBPlatformCamera.swift in Sources */,
			);
			runOnlyForDeploymentPostprocessing = 0;
		};
		727593411BACE37A006D14C6 /* Sources */ = {
			isa = PBXSourcesBuildPhase;
			buildActionMask = 2147483647;
			files = (
				7275934A1BACE37A006D14C6 /* bumperBallsTvTests.swift in Sources */,
			);
			runOnlyForDeploymentPostprocessing = 0;
		};
/* End PBXSourcesBuildPhase section */

/* Begin PBXTargetDependency section */
		727593471BACE37A006D14C6 /* PBXTargetDependency */ = {
			isa = PBXTargetDependency;
			target = 727593311BACE37A006D14C6 /* bumperBallsTv */;
			targetProxy = 727593461BACE37A006D14C6 /* PBXContainerItemProxy */;
		};
/* End PBXTargetDependency section */

/* Begin PBXVariantGroup section */
		7275933B1BACE37A006D14C6 /* Main.storyboard */ = {
			isa = PBXVariantGroup;
			children = (
				7275933C1BACE37A006D14C6 /* Base */,
			);
			name = Main.storyboard;
			sourceTree = "<group>";
		};
/* End PBXVariantGroup section */

/* Begin XCBuildConfiguration section */
		7275934C1BACE37A006D14C6 /* Debug */ = {
			isa = XCBuildConfiguration;
			buildSettings = {
				ALWAYS_SEARCH_USER_PATHS = NO;
				CLANG_CXX_LANGUAGE_STANDARD = "gnu++0x";
				CLANG_CXX_LIBRARY = "libc++";
				CLANG_ENABLE_MODULES = YES;
				CLANG_ENABLE_OBJC_ARC = YES;
				CLANG_WARN_BOOL_CONVERSION = YES;
				CLANG_WARN_CONSTANT_CONVERSION = YES;
				CLANG_WARN_DIRECT_OBJC_ISA_USAGE = YES_ERROR;
				CLANG_WARN_EMPTY_BODY = YES;
				CLANG_WARN_ENUM_CONVERSION = YES;
				CLANG_WARN_INT_CONVERSION = YES;
				CLANG_WARN_OBJC_ROOT_CLASS = YES_ERROR;
				CLANG_WARN_UNREACHABLE_CODE = YES;
				CLANG_WARN__DUPLICATE_METHOD_MATCH = YES;
				COPY_PHASE_STRIP = NO;
				DEBUG_INFORMATION_FORMAT = "dwarf-with-dsym";
				ENABLE_STRICT_OBJC_MSGSEND = YES;
				ENABLE_TESTABILITY = YES;
				GCC_C_LANGUAGE_STANDARD = gnu99;
				GCC_DYNAMIC_NO_PIC = NO;
				GCC_NO_COMMON_BLOCKS = YES;
				GCC_OPTIMIZATION_LEVEL = 0;
				GCC_PREPROCESSOR_DEFINITIONS = (
					"DEBUG=1",
					"$(inherited)",
				);
				GCC_WARN_64_TO_32_BIT_CONVERSION = YES;
				GCC_WARN_ABOUT_RETURN_TYPE = YES_ERROR;
				GCC_WARN_UNDECLARED_SELECTOR = YES;
				GCC_WARN_UNINITIALIZED_AUTOS = YES_AGGRESSIVE;
				GCC_WARN_UNUSED_FUNCTION = YES;
				GCC_WARN_UNUSED_VARIABLE = YES;
				MTL_ENABLE_DEBUG_INFO = YES;
				ONLY_ACTIVE_ARCH = YES;
				SDKROOT = appletvos;
				SWIFT_OPTIMIZATION_LEVEL = "-Onone";
				TARGETED_DEVICE_FAMILY = 3;
				TVOS_DEPLOYMENT_TARGET = 9.0;
			};
			name = Debug;
		};
		7275934D1BACE37A006D14C6 /* Release */ = {
			isa = XCBuildConfiguration;
			buildSettings = {
				ALWAYS_SEARCH_USER_PATHS = NO;
				CLANG_CXX_LANGUAGE_STANDARD = "gnu++0x";
				CLANG_CXX_LIBRARY = "libc++";
				CLANG_ENABLE_MODULES = YES;
				CLANG_ENABLE_OBJC_ARC = YES;
				CLANG_WARN_BOOL_CONVERSION = YES;
				CLANG_WARN_CONSTANT_CONVERSION = YES;
				CLANG_WARN_DIRECT_OBJC_ISA_USAGE = YES_ERROR;
				CLANG_WARN_EMPTY_BODY = YES;
				CLANG_WARN_ENUM_CONVERSION = YES;
				CLANG_WARN_INT_CONVERSION = YES;
				CLANG_WARN_OBJC_ROOT_CLASS = YES_ERROR;
				CLANG_WARN_UNREACHABLE_CODE = YES;
				CLANG_WARN__DUPLICATE_METHOD_MATCH = YES;
				COPY_PHASE_STRIP = NO;
				DEBUG_INFORMATION_FORMAT = "dwarf-with-dsym";
				ENABLE_NS_ASSERTIONS = NO;
				ENABLE_STRICT_OBJC_MSGSEND = YES;
				GCC_C_LANGUAGE_STANDARD = gnu99;
				GCC_NO_COMMON_BLOCKS = YES;
				GCC_WARN_64_TO_32_BIT_CONVERSION = YES;
				GCC_WARN_ABOUT_RETURN_TYPE = YES_ERROR;
				GCC_WARN_UNDECLARED_SELECTOR = YES;
				GCC_WARN_UNINITIALIZED_AUTOS = YES_AGGRESSIVE;
				GCC_WARN_UNUSED_FUNCTION = YES;
				GCC_WARN_UNUSED_VARIABLE = YES;
				MTL_ENABLE_DEBUG_INFO = NO;
				SDKROOT = appletvos;
				TARGETED_DEVICE_FAMILY = 3;
				TVOS_DEPLOYMENT_TARGET = 9.0;
				VALIDATE_PRODUCT = YES;
			};
			name = Release;
		};
		7275934F1BACE37A006D14C6 /* Debug */ = {
			isa = XCBuildConfiguration;
			buildSettings = {
				ASSETCATALOG_COMPILER_APPICON_NAME = "App Icon & Top Shelf Image";
				ASSETCATALOG_COMPILER_LAUNCHIMAGE_NAME = LaunchImage;
				CODE_SIGN_IDENTITY = "iPhone Developer";
				"CODE_SIGN_IDENTITY[sdk=appletvos*]" = "iPhone Developer";
				INFOPLIST_FILE = bumperBallsTv/Info.plist;
				LD_RUNPATH_SEARCH_PATHS = "$(inherited) @executable_path/Frameworks";
				PRODUCT_BUNDLE_IDENTIFIER = davisgossage.bumperBallsTv;
				PRODUCT_NAME = "$(TARGET_NAME)";
				PROVISIONING_PROFILE = "";
			};
			name = Debug;
		};
		727593501BACE37A006D14C6 /* Release */ = {
			isa = XCBuildConfiguration;
			buildSettings = {
				ASSETCATALOG_COMPILER_APPICON_NAME = "App Icon & Top Shelf Image";
				ASSETCATALOG_COMPILER_LAUNCHIMAGE_NAME = LaunchImage;
				CODE_SIGN_IDENTITY = "iPhone Developer";
				"CODE_SIGN_IDENTITY[sdk=appletvos*]" = "iPhone Developer";
				INFOPLIST_FILE = bumperBallsTv/Info.plist;
				LD_RUNPATH_SEARCH_PATHS = "$(inherited) @executable_path/Frameworks";
				PRODUCT_BUNDLE_IDENTIFIER = davisgossage.bumperBallsTv;
				PRODUCT_NAME = "$(TARGET_NAME)";
				PROVISIONING_PROFILE = "";
			};
			name = Release;
		};
		727593521BACE37A006D14C6 /* Debug */ = {
			isa = XCBuildConfiguration;
			buildSettings = {
				BUNDLE_LOADER = "$(TEST_HOST)";
				DEBUG_INFORMATION_FORMAT = dwarf;
				INFOPLIST_FILE = bumperBallsTvTests/Info.plist;
				LD_RUNPATH_SEARCH_PATHS = "$(inherited) @executable_path/Frameworks @loader_path/Frameworks";
				PRODUCT_BUNDLE_IDENTIFIER = davisgossage.bumperBallsTvTests;
				PRODUCT_NAME = "$(TARGET_NAME)";
				TEST_HOST = "$(BUILT_PRODUCTS_DIR)/bumperBallsTv.app/bumperBallsTv";
			};
			name = Debug;
		};
		727593531BACE37A006D14C6 /* Release */ = {
			isa = XCBuildConfiguration;
			buildSettings = {
				BUNDLE_LOADER = "$(TEST_HOST)";
				INFOPLIST_FILE = bumperBallsTvTests/Info.plist;
				LD_RUNPATH_SEARCH_PATHS = "$(inherited) @executable_path/Frameworks @loader_path/Frameworks";
				PRODUCT_BUNDLE_IDENTIFIER = davisgossage.bumperBallsTvTests;
				PRODUCT_NAME = "$(TARGET_NAME)";
				TEST_HOST = "$(BUILT_PRODUCTS_DIR)/bumperBallsTv.app/bumperBallsTv";
			};
			name = Release;
		};
/* End XCBuildConfiguration section */

/* Begin XCConfigurationList section */
		7275932D1BACE37A006D14C6 /* Build configuration list for PBXProject "bumperBallsTv" */ = {
			isa = XCConfigurationList;
			buildConfigurations = (
				7275934C1BACE37A006D14C6 /* Debug */,
				7275934D1BACE37A006D14C6 /* Release */,
			);
			defaultConfigurationIsVisible = 0;
			defaultConfigurationName = Release;
		};
		7275934E1BACE37A006D14C6 /* Build configuration list for PBXNativeTarget "bumperBallsTv" */ = {
			isa = XCConfigurationList;
			buildConfigurations = (
				7275934F1BACE37A006D14C6 /* Debug */,
				727593501BACE37A006D14C6 /* Release */,
			);
			defaultConfigurationIsVisible = 0;
			defaultConfigurationName = Release;
		};
		727593511BACE37A006D14C6 /* Build configuration list for PBXNativeTarget "bumperBallsTvTests" */ = {
			isa = XCConfigurationList;
			buildConfigurations = (
				727593521BACE37A006D14C6 /* Debug */,
				727593531BACE37A006D14C6 /* Release */,
			);
			defaultConfigurationIsVisible = 0;
			defaultConfigurationName = Release;
		};
/* End XCConfigurationList section */
	};
	rootObject = 7275932A1BACE37A006D14C6 /* Project object */;
}
